schema: '2.0'
stages:
  data_ingestion:
    cmd: python src/data_ingestion.py
    deps:
    - path: src/data_ingestion.py
      hash: md5
      md5: 5150d3b1f77e287f19bd4e3a4cbbba60
      size: 3639
    params:
      params.yaml:
        data_ingestion.test_size: 0.25
    outs:
    - path: data/raw
      hash: md5
      md5: 04dd235295cb72c313e376c794dbd399.dir
      size: 484846
      nfiles: 2
  data_preprocessed.py:
    cmd: python src/data_preprocessed.py
    deps:
    - path: data/raw
      hash: md5
      md5: 04dd235295cb72c313e376c794dbd399.dir
      size: 484846
      nfiles: 2
    - path: src/data_preprocessed.py
      hash: md5
      md5: ae0059b79590609927f72e3c373f1865
      size: 3973
    outs:
    - path: data/interim
      hash: md5
      md5: a93065f5a2727e5e7dd327b4604144d5.dir
      size: 261440
      nfiles: 2
  feature_eng:
    cmd: python src/feature_eng.py
    deps:
    - path: data/interim
      hash: md5
      md5: a93065f5a2727e5e7dd327b4604144d5.dir
      size: 261440
      nfiles: 2
    - path: src/feature_eng.py
      hash: md5
      md5: 607f1d30c38bad4448167b1e92e08217
      size: 3902
    params:
      params.yaml:
        feature_eng.max_features: 40
    outs:
    - path: data/processed
      hash: md5
      md5: b8323624699274c3e844c93b292baed1.dir
      size: 953794
      nfiles: 2
  model_training:
    cmd: python src/model_training.py
    deps:
    - path: data/processed
      hash: md5
      md5: b8323624699274c3e844c93b292baed1.dir
      size: 953794
      nfiles: 2
    - path: src/model_training.py
      hash: md5
      md5: 4301d0948e6621b4e523de54205ad7f5
      size: 4481
    params:
      params.yaml:
        model_training.n_estimators: 30
        model_training.random_state: 2
    outs:
    - path: models/model.pkl
      hash: md5
      md5: da3c6ef861837e8d08a7ac1492d62a61
      size: 984239
  model_evaluation:
    cmd: python src/model_evaluation.py
    deps:
    - path: models/model.pkl
      hash: md5
      md5: da3c6ef861837e8d08a7ac1492d62a61
      size: 984239
    - path: src/model_evaluation.py
      hash: md5
      md5: 553abb63c25d201ab4732efe779df04d
      size: 4639
